
Microsoft Visual Studio Solution File, Format Version 12.00
# Visual Studio Version 17
VisualStudioVersion = 17.0.31903.59
MinimumVisualStudioVersion = 10.0.40219.1
Project("{2150E333-8FDC-42A3-9474-1A3956D46DE8}") = "_root_", "_root_", "{A2C38A75-B643-44D2-AA77-FC4CED547957}"
	ProjectSection(SolutionItems) = preProject
		_root_\LICENSE = _root_\LICENSE
		_root_\README.md = _root_\README.md
		_root_\remove.ps1 = _root_\remove.ps1
	EndProjectSection
EndProject
Project("{2150E333-8FDC-42A3-9474-1A3956D46DE8}") = "src", "src", "{1E3C51F3-DF32-4EB5-B36E-FE18CCFE56BF}"
EndProject
Project("{2150E333-8FDC-42A3-9474-1A3956D46DE8}") = "core", "core", "{0FCBE4E6-248C-46FC-A61E-AEAFF8B85589}"
EndProject
Project("{FAE04EC0-301F-11D3-BF4B-00C04F79EFBC}") = "imL", "src\core\imL\imL.csproj", "{0C077E65-8A8D-4564-99BB-FCEADB3FEEDC}"
EndProject
Project("{FAE04EC0-301F-11D3-BF4B-00C04F79EFBC}") = "imL.Core", "src\core\imL.Core\imL.Core.csproj", "{8DF5339C-65BD-4A8A-86FB-0D7C02DFB827}"
EndProject
Project("{FAE04EC0-301F-11D3-BF4B-00C04F79EFBC}") = "imL.Frotcom.Hosting.Core", "src\core\imL.Frotcom.Hosting.Core\imL.Frotcom.Hosting.Core.csproj", "{72DF562F-E3EB-4900-86E0-474C96204FB1}"
EndProject
Project("{2150E333-8FDC-42A3-9474-1A3956D46DE8}") = "rest", "rest", "{00557B62-9711-4788-BACF-2D175689F362}"
EndProject
Project("{FAE04EC0-301F-11D3-BF4B-00C04F79EFBC}") = "imL.Rest.Frotcom", "src\rest\imL.Rest.Frotcom\imL.Rest.Frotcom.csproj", "{D88FB768-BC5F-433F-B176-D8B608A0B21D}"
EndProject
Project("{FAE04EC0-301F-11D3-BF4B-00C04F79EFBC}") = "imL.Rest.Google", "src\rest\imL.Rest.Google\imL.Rest.Google.csproj", "{A08F8955-B3A2-4839-93D4-911E507AAB06}"
EndProject
Project("{FAE04EC0-301F-11D3-BF4B-00C04F79EFBC}") = "imL.Rest.InsurDesign", "src\rest\imL.Rest.InsurDesign\imL.Rest.InsurDesign.csproj", "{9B5C89D7-B877-4A7D-BD5E-4A199DAAA4E7}"
EndProject
Project("{FAE04EC0-301F-11D3-BF4B-00C04F79EFBC}") = "imL.Rest.SBIF", "src\rest\imL.Rest.SBIF\imL.Rest.SBIF.csproj", "{EE24CE0A-EC19-4BA0-92BE-3E5D2DB10B73}"
EndProject
Global
	GlobalSection(SolutionConfigurationPlatforms) = preSolution
		Debug|Any CPU = Debug|Any CPU
		Release|Any CPU = Release|Any CPU
	EndGlobalSection
	GlobalSection(ProjectConfigurationPlatforms) = postSolution
		{0C077E65-8A8D-4564-99BB-FCEADB3FEEDC}.Debug|Any CPU.ActiveCfg = Debug|Any CPU
		{0C077E65-8A8D-4564-99BB-FCEADB3FEEDC}.Debug|Any CPU.Build.0 = Debug|Any CPU
		{0C077E65-8A8D-4564-99BB-FCEADB3FEEDC}.Release|Any CPU.ActiveCfg = Release|Any CPU
		{0C077E65-8A8D-4564-99BB-FCEADB3FEEDC}.Release|Any CPU.Build.0 = Release|Any CPU
		{8DF5339C-65BD-4A8A-86FB-0D7C02DFB827}.Debug|Any CPU.ActiveCfg = Debug|Any CPU
		{8DF5339C-65BD-4A8A-86FB-0D7C02DFB827}.Debug|Any CPU.Build.0 = Debug|Any CPU
		{8DF5339C-65BD-4A8A-86FB-0D7C02DFB827}.Release|Any CPU.ActiveCfg = Release|Any CPU
		{8DF5339C-65BD-4A8A-86FB-0D7C02DFB827}.Release|Any CPU.Build.0 = Release|Any CPU
		{72DF562F-E3EB-4900-86E0-474C96204FB1}.Debug|Any CPU.ActiveCfg = Debug|Any CPU
		{72DF562F-E3EB-4900-86E0-474C96204FB1}.Debug|Any CPU.Build.0 = Debug|Any CPU
		{72DF562F-E3EB-4900-86E0-474C96204FB1}.Release|Any CPU.ActiveCfg = Release|Any CPU
		{72DF562F-E3EB-4900-86E0-474C96204FB1}.Release|Any CPU.Build.0 = Release|Any CPU
		{D88FB768-BC5F-433F-B176-D8B608A0B21D}.Debug|Any CPU.ActiveCfg = Debug|Any CPU
		{D88FB768-BC5F-433F-B176-D8B608A0B21D}.Debug|Any CPU.Build.0 = Debug|Any CPU
		{D88FB768-BC5F-433F-B176-D8B608A0B21D}.Release|Any CPU.ActiveCfg = Release|Any CPU
		{D88FB768-BC5F-433F-B176-D8B608A0B21D}.Release|Any CPU.Build.0 = Release|Any CPU
		{A08F8955-B3A2-4839-93D4-911E507AAB06}.Debug|Any CPU.ActiveCfg = Debug|Any CPU
		{A08F8955-B3A2-4839-93D4-911E507AAB06}.Debug|Any CPU.Build.0 = Debug|Any CPU
		{A08F8955-B3A2-4839-93D4-911E507AAB06}.Release|Any CPU.ActiveCfg = Release|Any CPU
		{A08F8955-B3A2-4839-93D4-911E507AAB06}.Release|Any CPU.Build.0 = Release|Any CPU
		{9B5C89D7-B877-4A7D-BD5E-4A199DAAA4E7}.Debug|Any CPU.ActiveCfg = Debug|Any CPU
		{9B5C89D7-B877-4A7D-BD5E-4A199DAAA4E7}.Debug|Any CPU.Build.0 = Debug|Any CPU
		{9B5C89D7-B877-4A7D-BD5E-4A199DAAA4E7}.Release|Any CPU.ActiveCfg = Release|Any CPU
		{9B5C89D7-B877-4A7D-BD5E-4A199DAAA4E7}.Release|Any CPU.Build.0 = Release|Any CPU
		{EE24CE0A-EC19-4BA0-92BE-3E5D2DB10B73}.Debug|Any CPU.ActiveCfg = Debug|Any CPU
		{EE24CE0A-EC19-4BA0-92BE-3E5D2DB10B73}.Debug|Any CPU.Build.0 = Debug|Any CPU
		{EE24CE0A-EC19-4BA0-92BE-3E5D2DB10B73}.Release|Any CPU.ActiveCfg = Release|Any CPU
		{EE24CE0A-EC19-4BA0-92BE-3E5D2DB10B73}.Release|Any CPU.Build.0 = Release|Any CPU
	EndGlobalSection
	GlobalSection(SolutionProperties) = preSolution
		HideSolutionNode = FALSE
	EndGlobalSection
	GlobalSection(NestedProjects) = preSolution
		{0FCBE4E6-248C-46FC-A61E-AEAFF8B85589} = {1E3C51F3-DF32-4EB5-B36E-FE18CCFE56BF}
		{0C077E65-8A8D-4564-99BB-FCEADB3FEEDC} = {0FCBE4E6-248C-46FC-A61E-AEAFF8B85589}
		{8DF5339C-65BD-4A8A-86FB-0D7C02DFB827} = {0FCBE4E6-248C-46FC-A61E-AEAFF8B85589}
		{72DF562F-E3EB-4900-86E0-474C96204FB1} = {0FCBE4E6-248C-46FC-A61E-AEAFF8B85589}
		{00557B62-9711-4788-BACF-2D175689F362} = {1E3C51F3-DF32-4EB5-B36E-FE18CCFE56BF}
		{D88FB768-BC5F-433F-B176-D8B608A0B21D} = {00557B62-9711-4788-BACF-2D175689F362}
		{A08F8955-B3A2-4839-93D4-911E507AAB06} = {00557B62-9711-4788-BACF-2D175689F362}
		{9B5C89D7-B877-4A7D-BD5E-4A199DAAA4E7} = {00557B62-9711-4788-BACF-2D175689F362}
		{EE24CE0A-EC19-4BA0-92BE-3E5D2DB10B73} = {00557B62-9711-4788-BACF-2D175689F362}
	EndGlobalSection
	GlobalSection(ExtensibilityGlobals) = postSolution
		SolutionGuid = {46394A4C-7CB8-461C-B981-26530526984F}
	EndGlobalSection
EndGlobal
