
Microsoft Visual Studio Solution File, Format Version 12.00
# Visual Studio Version 17
VisualStudioVersion = 17.11.35312.102
MinimumVisualStudioVersion = 10.0.40219.1
Project("{2150E333-8FDC-42A3-9474-1A3956D46DE8}") = "_root_", "_root_", "{86B20746-A275-4891-B032-2293F36D3841}"
	ProjectSection(SolutionItems) = preProject
		.gitattributes = .gitattributes
		.gitignore = .gitignore
		Directory.Build.props = Directory.Build.props
		Directory.Build.targets = Directory.Build.targets
		LICENSE = LICENSE
		README.md = README.md
		remove.ps1 = remove.ps1
	EndProjectSection
EndProject
Project("{2150E333-8FDC-42A3-9474-1A3956D46DE8}") = "src", "src", "{F9903D14-C64A-4494-9275-7630ABF1F545}"
EndProject
Project("{2150E333-8FDC-42A3-9474-1A3956D46DE8}") = "NF", "NF", "{CD8F8FD5-EB01-4791-BC0A-ED0AFAF2E494}"
EndProject
Project("{2150E333-8FDC-42A3-9474-1A3956D46DE8}") = "NS", "NS", "{8860D6C3-02C8-4386-9480-FDEB4B5EFA09}"
EndProject
Project("{2150E333-8FDC-42A3-9474-1A3956D46DE8}") = "NC", "NC", "{E714B7B3-FE74-48D1-98A3-430AD1BA384D}"
	ProjectSection(SolutionItems) = preProject
		src\NC\Directory.Build.props = src\NC\Directory.Build.props
	EndProjectSection
EndProject
Project("{2150E333-8FDC-42A3-9474-1A3956D46DE8}") = "sdk", "sdk", "{250CFB4D-D141-4DF6-BA9B-E747AB98EE44}"
EndProject
Project("{2150E333-8FDC-42A3-9474-1A3956D46DE8}") = "trial", "trial", "{B4E34099-7019-479C-A9B8-A452A959DA01}"
EndProject
Project("{2150E333-8FDC-42A3-9474-1A3956D46DE8}") = "test", "test", "{8E50AD2C-370A-4D8B-B198-5C701F191C9D}"
EndProject
Project("{2150E333-8FDC-42A3-9474-1A3956D46DE8}") = "core", "core", "{C8332037-14F8-4B6C-8493-0BA166F5AE4A}"
EndProject
Project("{9A19103F-16F7-4668-BE54-9A1E7A4F7556}") = "imL.NC", "src\NC\core\imL.NC\imL.NC.csproj", "{2278DA97-84AA-40EB-A847-AF3B98D237FB}"
EndProject
Project("{2150E333-8FDC-42A3-9474-1A3956D46DE8}") = "pkg", "pkg", "{00BB6B15-12F7-459A-927B-110BDED5AA19}"
EndProject
Project("{9A19103F-16F7-4668-BE54-9A1E7A4F7556}") = "imL.pkg.MicrosoftEntityFrameworkCoreSqlServer", "src\NC\pkg\imL.pkg.MicrosoftEntityFrameworkCoreSqlServer\imL.pkg.MicrosoftEntityFrameworkCoreSqlServer.csproj", "{F70EA95E-ED12-42EE-AE1D-D928E4BDC24F}"
EndProject
Project("{FAE04EC0-301F-11D3-BF4B-00C04F79EFBC}") = "imL.pkg.MicrosoftDataSqlClient", "src\NC\pkg\imL.pkg.MicrosoftDataSqlClient\imL.pkg.MicrosoftDataSqlClient.csproj", "{33588A80-5F82-4ECF-B089-F4A4411EAF05}"
EndProject
Project("{FAE04EC0-301F-11D3-BF4B-00C04F79EFBC}") = "imL.pkg.MySqlData", "src\NC\pkg\imL.pkg.MySqlData\imL.pkg.MySqlData.csproj", "{33D3C199-0E3B-4A97-BC87-83FBCF6F9497}"
EndProject
Project("{FAE04EC0-301F-11D3-BF4B-00C04F79EFBC}") = "imL.pkg.SystemDataSqlClient", "src\NC\pkg\imL.pkg.SystemDataSqlClient\imL.pkg.SystemDataSqlClient.csproj", "{E449D089-1C49-4B30-8EB4-86EEA43D85CF}"
EndProject
Project("{FAE04EC0-301F-11D3-BF4B-00C04F79EFBC}") = "imL.pkg.SystemDataOleDb", "src\NC\pkg\imL.pkg.SystemDataOleDb\imL.pkg.SystemDataOleDb.csproj", "{382628B2-335A-48C6-B59F-E8BCE058B852}"
EndProject
Project("{2150E333-8FDC-42A3-9474-1A3956D46DE8}") = "NC", "NC", "{45A1716D-E1B9-44EB-B671-89695232C71D}"
EndProject
Project("{2150E333-8FDC-42A3-9474-1A3956D46DE8}") = "pkg", "pkg", "{BBA8BBC7-1592-42E1-A5AA-A6FDC9251BDE}"
EndProject
Project("{FAE04EC0-301F-11D3-BF4B-00C04F79EFBC}") = "TRIAL.MicrosoftEntityFrameworkCoreSqlServer", "trial\NC\pkg\TRIAL.MicrosoftEntityFrameworkCoreSqlServer\TRIAL.MicrosoftEntityFrameworkCoreSqlServer.csproj", "{9A98694E-47F2-45B7-BA7B-D85A20BABE6B}"
EndProject
Project("{FAE04EC0-301F-11D3-BF4B-00C04F79EFBC}") = "TRIAL.MicrosoftEntityFrameworkCoreSqlServer2", "trial\NC\pkg\TRIAL.MicrosoftEntityFrameworkCoreSqlServer2\TRIAL.MicrosoftEntityFrameworkCoreSqlServer2.csproj", "{E1D6C41D-FFA0-4AC2-A456-483EA19440F1}"
EndProject
Global
	GlobalSection(SolutionConfigurationPlatforms) = preSolution
		Debug|Any CPU = Debug|Any CPU
		Release|Any CPU = Release|Any CPU
	EndGlobalSection
	GlobalSection(ProjectConfigurationPlatforms) = postSolution
		{2278DA97-84AA-40EB-A847-AF3B98D237FB}.Debug|Any CPU.ActiveCfg = Debug|Any CPU
		{2278DA97-84AA-40EB-A847-AF3B98D237FB}.Debug|Any CPU.Build.0 = Debug|Any CPU
		{2278DA97-84AA-40EB-A847-AF3B98D237FB}.Release|Any CPU.ActiveCfg = Release|Any CPU
		{2278DA97-84AA-40EB-A847-AF3B98D237FB}.Release|Any CPU.Build.0 = Release|Any CPU
		{F70EA95E-ED12-42EE-AE1D-D928E4BDC24F}.Debug|Any CPU.ActiveCfg = Debug|Any CPU
		{F70EA95E-ED12-42EE-AE1D-D928E4BDC24F}.Debug|Any CPU.Build.0 = Debug|Any CPU
		{F70EA95E-ED12-42EE-AE1D-D928E4BDC24F}.Release|Any CPU.ActiveCfg = Release|Any CPU
		{F70EA95E-ED12-42EE-AE1D-D928E4BDC24F}.Release|Any CPU.Build.0 = Release|Any CPU
		{33588A80-5F82-4ECF-B089-F4A4411EAF05}.Debug|Any CPU.ActiveCfg = Debug|Any CPU
		{33588A80-5F82-4ECF-B089-F4A4411EAF05}.Debug|Any CPU.Build.0 = Debug|Any CPU
		{33588A80-5F82-4ECF-B089-F4A4411EAF05}.Release|Any CPU.ActiveCfg = Release|Any CPU
		{33588A80-5F82-4ECF-B089-F4A4411EAF05}.Release|Any CPU.Build.0 = Release|Any CPU
		{33D3C199-0E3B-4A97-BC87-83FBCF6F9497}.Debug|Any CPU.ActiveCfg = Debug|Any CPU
		{33D3C199-0E3B-4A97-BC87-83FBCF6F9497}.Debug|Any CPU.Build.0 = Debug|Any CPU
		{33D3C199-0E3B-4A97-BC87-83FBCF6F9497}.Release|Any CPU.ActiveCfg = Release|Any CPU
		{33D3C199-0E3B-4A97-BC87-83FBCF6F9497}.Release|Any CPU.Build.0 = Release|Any CPU
		{E449D089-1C49-4B30-8EB4-86EEA43D85CF}.Debug|Any CPU.ActiveCfg = Debug|Any CPU
		{E449D089-1C49-4B30-8EB4-86EEA43D85CF}.Debug|Any CPU.Build.0 = Debug|Any CPU
		{E449D089-1C49-4B30-8EB4-86EEA43D85CF}.Release|Any CPU.ActiveCfg = Release|Any CPU
		{E449D089-1C49-4B30-8EB4-86EEA43D85CF}.Release|Any CPU.Build.0 = Release|Any CPU
		{382628B2-335A-48C6-B59F-E8BCE058B852}.Debug|Any CPU.ActiveCfg = Debug|Any CPU
		{382628B2-335A-48C6-B59F-E8BCE058B852}.Debug|Any CPU.Build.0 = Debug|Any CPU
		{382628B2-335A-48C6-B59F-E8BCE058B852}.Release|Any CPU.ActiveCfg = Release|Any CPU
		{382628B2-335A-48C6-B59F-E8BCE058B852}.Release|Any CPU.Build.0 = Release|Any CPU
		{9A98694E-47F2-45B7-BA7B-D85A20BABE6B}.Debug|Any CPU.ActiveCfg = Debug|Any CPU
		{9A98694E-47F2-45B7-BA7B-D85A20BABE6B}.Debug|Any CPU.Build.0 = Debug|Any CPU
		{9A98694E-47F2-45B7-BA7B-D85A20BABE6B}.Release|Any CPU.ActiveCfg = Release|Any CPU
		{9A98694E-47F2-45B7-BA7B-D85A20BABE6B}.Release|Any CPU.Build.0 = Release|Any CPU
		{E1D6C41D-FFA0-4AC2-A456-483EA19440F1}.Debug|Any CPU.ActiveCfg = Debug|Any CPU
		{E1D6C41D-FFA0-4AC2-A456-483EA19440F1}.Debug|Any CPU.Build.0 = Debug|Any CPU
		{E1D6C41D-FFA0-4AC2-A456-483EA19440F1}.Release|Any CPU.ActiveCfg = Release|Any CPU
		{E1D6C41D-FFA0-4AC2-A456-483EA19440F1}.Release|Any CPU.Build.0 = Release|Any CPU
	EndGlobalSection
	GlobalSection(SolutionProperties) = preSolution
		HideSolutionNode = FALSE
	EndGlobalSection
	GlobalSection(NestedProjects) = preSolution
		{CD8F8FD5-EB01-4791-BC0A-ED0AFAF2E494} = {F9903D14-C64A-4494-9275-7630ABF1F545}
		{8860D6C3-02C8-4386-9480-FDEB4B5EFA09} = {F9903D14-C64A-4494-9275-7630ABF1F545}
		{E714B7B3-FE74-48D1-98A3-430AD1BA384D} = {F9903D14-C64A-4494-9275-7630ABF1F545}
		{C8332037-14F8-4B6C-8493-0BA166F5AE4A} = {E714B7B3-FE74-48D1-98A3-430AD1BA384D}
		{2278DA97-84AA-40EB-A847-AF3B98D237FB} = {C8332037-14F8-4B6C-8493-0BA166F5AE4A}
		{00BB6B15-12F7-459A-927B-110BDED5AA19} = {E714B7B3-FE74-48D1-98A3-430AD1BA384D}
		{F70EA95E-ED12-42EE-AE1D-D928E4BDC24F} = {00BB6B15-12F7-459A-927B-110BDED5AA19}
		{33588A80-5F82-4ECF-B089-F4A4411EAF05} = {00BB6B15-12F7-459A-927B-110BDED5AA19}
		{33D3C199-0E3B-4A97-BC87-83FBCF6F9497} = {00BB6B15-12F7-459A-927B-110BDED5AA19}
		{E449D089-1C49-4B30-8EB4-86EEA43D85CF} = {00BB6B15-12F7-459A-927B-110BDED5AA19}
		{382628B2-335A-48C6-B59F-E8BCE058B852} = {00BB6B15-12F7-459A-927B-110BDED5AA19}
		{45A1716D-E1B9-44EB-B671-89695232C71D} = {B4E34099-7019-479C-A9B8-A452A959DA01}
		{BBA8BBC7-1592-42E1-A5AA-A6FDC9251BDE} = {45A1716D-E1B9-44EB-B671-89695232C71D}
		{9A98694E-47F2-45B7-BA7B-D85A20BABE6B} = {BBA8BBC7-1592-42E1-A5AA-A6FDC9251BDE}
		{E1D6C41D-FFA0-4AC2-A456-483EA19440F1} = {BBA8BBC7-1592-42E1-A5AA-A6FDC9251BDE}
	EndGlobalSection
	GlobalSection(ExtensibilityGlobals) = postSolution
		SolutionGuid = {C2361F48-F307-4BD9-B2FC-5E384C8DD98E}
	EndGlobalSection
EndGlobal
